# This file is automatically @generated by Cargo.
# It is not intended for manual editing.
version = 3

[[package]]
name = "ahash"
version = "0.8.6"
source = "registry+https://github.com/rust-lang/crates.io-index"
checksum = "32351869315c2774b7113e652c7841c334b54b706429f7bcb8b7468494191636"
dependencies = [
 "getrandom",
]

[[package]]
name = "anyhow"
version = "1.0.75"
source = "registry+https://github.com/rust-lang/crates.io-index"
checksum = "ca668584227099e530537482cb7422b31178491c33a39e8020a6c0e5a8435d64"

[[package]]
name = "aya"
version = "0.11.0"
source = "registry+https://github.com/rust-lang/crates.io-index"
checksum = "b84c2197311c19b02772186536b13b72c73229b0f49372138c2278914f6b158b"
dependencies = [
 "aya-log",
 "libc",
 "log",
 "thiserror",
 "tokio",
]

[[package]]
name = "aya-log"
version = "0.1.0"
source = "registry+https://github.com/rust-lang/crates.io-index"
checksum = "3e2300b8e72c5a242f36798e980c6f60e92275681643666d9b04f128c9b2075d"
dependencies = [
 "aya",
]

[[package]]
name = "bitflags"
version = "2.4.1"
source = "registry+https://github.com/rust-lang/crates.io-index"
checksum = "6310b99a384f22dae80a7a83d726dcf0656a8775e5052bddf1936c34b16e45f9"

[[package]]
name = "bytes"
version = "1.5.0"
source = "registry+https://github.com/rust-lang/crates.io-index"
checksum = "2467a57c48c3b7a5f2e82b33946a36653e1a03975a837c355655a5078864703f"

[[package]]
name = "cfg-if"
version = "1.0.0"
source = "registry+https://github.com/rust-lang/crates.io-index"
checksum = "baf1de4339761588bc0619e36e4da52a552e75e94d24c52ade7215a833413c6b"

[[package]]
name = "ciborium"
version = "0.2.1"
source = "registry+https://github.com/rust-lang/crates.io-index"
checksum = "8c6600c5c4f24f42f06110ad71a37c030335e9858c74149021e11c97c11f4633"
dependencies = [
 "half",
 "serde",
]

[[package]]
name = "config"
version = "0.13.4"
source = "registry+https://github.com/rust-lang/crates.io-index"
checksum = "31d8e639424e867b7dbd39e3381a8b3096e257007e997f0607e0c0c66d2146f8"
dependencies = [
 "json",
 "nom",
 "serde",
 "yaml-rust",
]

[[package]]
name = "getrandom"
version = "0.2.10"
source = "registry+https://github.com/rust-lang/crates.io-index"
checksum = "be4136b2a15dd319360be1c07d99335c628987b6bd4aa6105f2ea43c195e5520"
dependencies = [
 "cfg-if",
 "libc",
]

[[package]]
name = "h2"
version = "0.3.24"
source = "registry+https://github.com/rust-lang/crates.io-index"
checksum = "2f2324915659790b4d45548651a029c78d461763a824e837f3747b6730a8d672"
dependencies = [
 "bytes",
 "futures-core",
 "futures-util",
 "pin-project-lite",
 "tokio",
 "tracing",
]

[[package]]
name = "half"
version = "2.3.1"
source = "registry+https://github.com/rust-lang/crates.io-index"
checksum = "4a1ac2a28847b31649a3765696f8c7e9749174f1779838031a575a133a82c4f4"

[[package]]
name = "http"
version = "0.2.9"
source = "registry+https://github.com/rust-lang/crates.io-index"
checksum = "bd6efffb27962159d3387a6182a4a70b0c67995debd236720499335e93361a43"
dependencies = [
 "bytes",
 "fnv",
]

[[package]]
name = "http-body"
version = "0.4.5"
source = "registry+https://github.com/rust-lang/crates.io-index"
checksum = "42a3c372c0500e35235f52495b4588e14e13e582e22c10b2a752a6d71b80d0d8"
dependencies = [
 "bytes",
 "futures-core",
 "pin-project-lite",
]

[[package]]
name = "hyper"
version = "0.14.27"
source = "registry+https://github.com/rust-lang/crates.io-index"
checksum = "1c8d760778c85c2c56a31b46a1575c404616239103c805a8e0f494f1b4a11f97"
dependencies = [
 "bytes",
 "h2",
 "http",
 "http-body",
 "httparse",
 "pin-project-lite",
 "tokio",
 "try-lock",
 "want",
]

[[package]]
name = "libc"
version = "0.2.149"
source = "registry+https://github.com/rust-lang/crates.io-index"
checksum = "c79c198f959c1c96a33e33bf653b30d32c8646b9a89d38c64188358245582f34"

[[package]]
name = "log"
version = "0.4.20"
source = "registry+https://github.com/rust-lang/crates.io-index"
checksum = "b5e6163cb8c49088c2c36f57875e5b7f5195a4544d3f447e812c1a4e5823b184"
dependencies = [
 "cfg-if",
]

[[package]]
name = "metrics"
version = "0.21.1"
source = "registry+https://github.com/rust-lang/crates.io-index"
checksum = "ab227f27223b207e997a0664871b69768688849b38466b8660897f480397754b"

[[package]]
name = "metrics-exporter-prometheus"
version = "0.12.1"
source = "registry+https://github.com/rust-lang/crates.io-index"
checksum = "2dc40344d9302e1a3b50a316e68f3074092497672236a29b46e319b8830155b9"
dependencies = [
 "base64",
 "futures-core",
 "futures-util",
 "http",
 "hyper",
 "log",
 "metrics",
]

[[package]]
name = "oqs"
version = "0.8.0"
source = "registry+https://github.com/rust-lang/crates.io-index"
checksum = "b466141a54770335c0234a9e223b0c3f0b830d941865c19208007010471b0722"
dependencies = [
 "oqs-sys",
 "rand_core",
]

[[package]]
name = "prost"
version = "0.12.1"
source = "registry+https://github.com/rust-lang/crates.io-index"
checksum = "53d33f81e3335f68a25c13f6424b94df82173111b15c7de04d9c735d4d3d21c3"
dependencies = [
 "bytes",
 "prost-build",
 "prost-derive",
 "prost-types",
]

[[package]]
name = "quinn"
version = "0.10.2"
source = "registry+https://github.com/rust-lang/crates.io-index"
checksum = "a6d63428f5221b6b553e1a052c1e42e47bb33659228d173c368d374465e9d99c"
dependencies = [
 "bytes",
 "futures-util",
 "quinn-proto",
 "rustls",
 "thiserror",
 "tokio",
 "tracing",
]

[[package]]
name = "rand"
version = "0.8.5"
source = "registry+https://github.com/rust-lang/crates.io-index"
checksum = "34af8d1a0e25924a580b7a42a47df4de50e1803ea1a4a29e98fc854ffec2a392"
dependencies = [
 "cfg-if",
 "getrandom",
 "libc",
 "rand_chacha",
 "rand_core",
]

[[package]]
name = "ring"
version = "0.17.5"
source = "registry+https://github.com/rust-lang/crates.io-index"
checksum = "822f306d2ba2cea10850c82136a5367d3e4299e23a31c5188444e2189d28a395"
dependencies = [
 "untrusted",
]

[[package]]
name = "rustls"
version = "0.21.8"
source = "registry+https://github.com/rust-lang/crates.io-index"
checksum = "d7332d9c4f1c990abd67c02b1f3c3d52636a0e698889953d10f3c551323382e7"
dependencies = [
 "pki-types",
 "rustls-pemfile",
 "sct",
]

[[package]]
name = "serde"
version = "1.0.193"
source = "registry+https://github.com/rust-lang/crates.io-index"
checksum = "0732412b18976b054a322c34954ead5f4e157c1543761332856f610330538a7e"
dependencies = [
 "serde_derive",
]

[[package]]
name = "serde_json"
version = "1.0.108"
source = "registry+https://github.com/rust-lang/crates.io-index"
checksum = "987e98a3b6807415f385c54b35f79e51c4a2d755581691b8d655f58c7344933a"
dependencies = [
 "itoa",
 "ryu",
 "serde",
]

[[package]]
name = "thiserror"
version = "1.0.50"
source = "registry+https://github.com/rust-lang/crates.io-index"
checksum = "f2003c4c82c2a033c5e8c1b37b0d703b41d01f11e3b2e351f08e434f4aba851f"
dependencies = [
 "thiserror-impl",
]

[[package]]
name = "tokio"
version = "1.34.0"
source = "registry+https://github.com/rust-lang/crates.io-index"
checksum = "c1f727c951918b9cda4f64d008985f4005b8a0753051786522c0692a472c1995"
dependencies = [
 "bytes",
 "libc",
 "log",
 "mio",
 "num_cpus",
 "pin-project-lite",
 "socket2",
 "sync_wrapper",
]

[[package]]
name = "tokio-rustls"
version = "0.24.1"
source = "registry+https://github.com/rust-lang/crates.io-index"
checksum = "c11d4c9a4750a454536f97f7422b93a02a0a232f38d58c0c98f82410a514d79c"
dependencies = [
 "futures-core",
 "rustls",
 "tokio",
]

[[package]]
name = "tonic"
version = "0.10.2"
source = "registry+https://github.com/rust-lang/crates.io-index"
checksum = "9b646c3b624f1136b8564a97491d8487b3b451515f47053e1987ea47c0b05b95"
dependencies = [
 "bytes",
 "futures-core",
 "futures-util",
 "h2",
 "http",
 "http-body",
 "hyper",
 "pin-project",
 "prost",
 "tokio",
 "tonic-build",
 "tower",
 "tracing",
]

[[package]]
name = "tonic-build"
version = "0.10.2"
source = "registry+https://github.com/rust-lang/crates.io-index"
checksum = "3239a5f70417f7de754407b7b99c75a40a552554e26df50143891461947b678c"
dependencies = [
 "bytes",
 "prost-build",
]

[[package]]
name = "tower"
version = "0.4.13"
source = "registry+https://github.com/rust-lang/crates.io-index"
checksum = "853a8be7847c2111d5aaa34b077a2853d865c363945532551e1844b2c48b8801"
dependencies = [
 "futures-core",
]

[[package]]
name = "tracing"
version = "0.1.40"
source = "registry+https://github.com/rust-lang/crates.io-index"
checksum = "530c99f3956637c35e3b4a20c3a50b32e1577e9858304033063f45f4749f116a"
dependencies = [
 "cfg-if",
 "tracing-core",
]

[[package]]
name = "tracing-subscriber"
version = "0.3.17"
source = "registry+https://github.com/rust-lang/crates.io-index"
checksum = "a712f6a7384a54c8651c6a6230f1489e2b10a39007f311c107e3a35a6b579717"
dependencies = [
 "sharded-slab",
 "tracing",
 "tracing-core",
]

[[package]]
name = "url"
version = "2.4.1"
source = "registry+https://github.com/rust-lang/crates.io-index"
checksum = "8234857d478ac76b6b906a5b6f3b4d4554c41499a5359a35e9f826312415174f"
dependencies = [
 "form_urlencoded",
 "idna",
]

[[package]]
name = "wasmtime"
version = "14.0.4"
source = "registry+https://github.com/rust-lang/crates.io-index"
checksum = "944a1e94af186419736c97a064115e56d787071720815a5135e5d1e2e7fa56a6"
dependencies = [
 "anyhow",
 "cfg-if",
 "wasmtime-c-api-impl",
]

# ... and many, many more transitive dependencies would be listed here ...

[metadata]
"checksums" = {
  # checksums for all dependencies
}
"workspace-members" = []
"requires-extra-build-step" = false
"extra-build-step-dependencies" = []