# This file is automatically @generated by Cargo.
# It is not intended for manual editing.
version = 3

[[package]]
name = "ahash"
version = "0.8.6"
source = "registry+https://github.com/rust-lang/crates.io-index"
checksum = "32351869315c2774b7113e652c7841c334b54b706429f7bcb8b7468494191636"
dependencies = [
 "getrandom",
]

[[package]]
name = "anyhow"
version = "1.0.75"
source = "registry+https://github.com/rust-lang/crates.io-index"
checksum = "ca668584227099e530537482cb7422b31178491c33a39e8020a6c0e5a8435d64"

[[package]]
name = "bellman"
version = "0.14.0"
source = "registry+https://github.com/rust-lang/crates.io-index"
checksum = "78d1059f6b45a05b33e5c9429713c829e011559868e815e8f4955b174092b7c6"
dependencies = [
 "bit-vec",
 "byteorder",
 "ff",
 "group",
 "log",
 "pairing",
 "rand_core",
 "serde",
 "thiserror",
]

[[package]]
name = "bit-vec"
version = "0.6.3"
source = "registry+https://github.com/rust-lang/crates.io-index"
checksum = "76c1ddf5f34080765c54d37537b9bd41639d67715f2a1d2f099c00b5e4ea511c"

[[package]]
name = "byteorder"
version = "1.5.0"
source = "registry+https://github.com/rust-lang/crates.io-index"
checksum = "1fd0c663ad3b5cca36987dee5486927d35368a445d0b1355483f9821876f1837"

[[package]]
name = "ciborium"
version = "0.2.1"
source = "registry+https://github.com/rust-lang/crates.io-index"
checksum = "8c6600c5c4f24f42f06110ad71a37c030335e9858c74149021e11c97c11f4633"
dependencies = [
 "half",
 "serde",
]

[[package]]
name = "ed25519-dalek"
version = "2.0.0"
source = "registry+https://github.com/rust-lang/crates.io-index"
checksum = "053634b8c7423e95963f4b88f362ed57e84931a29486c9d09e39f3b55c2f5348"
dependencies = [
 "curve25519-dalek-ng",
 "ed25519",
 "rand_core",
 "serde",
 "sha2",
 "zeroize",
]

[[package]]
name = "ff"
version = "0.13.0"
source = "registry+https://github.com/rust-lang/crates.io-index"
checksum = "d03f0b355811776a382e72f4163f5d52b11562b80893d7c570b55146c6411516"
dependencies = [
 "byteorder",
 "group",
 "rand_core",
]

[[package]]
name = "group"
version = "0.13.0"
source = "registry+https://github.com/rust-lang/crates.io-index"
checksum = "96d9a1a82f7f9b8a89b33a085d774431713d2f23b2075775b8f2780f23d45d0b"

[[package]]
name = "oqs"
version = "0.8.0"
source = "registry+https://github.com/rust-lang/crates.io-index"
checksum = "b466141a54770335c0234a9e223b0c3f0b830d941865c19208007010471b0722"
dependencies = [
 "oqs-sys",
 "rand_core",
]

[[package]]
name = "oqs-sys"
version = "0.8.0"
source = "registry+https://github.com/rust-lang/crates.io-index"
checksum = "750c8227b9a5f782df4b75a137e1a3845c43d928aa7f8490a6a2aa57d6056e3f"
dependencies = [
 "libc",
]

[[package]]
name = "pairing"
version = "0.23.0"
source = "registry+https://github.com/rust-lang/crates.io-index"
checksum = "3e5d1660d5b51b27299a80e0513e9a7e6d0a7a942b083896593a101f35832a51"
dependencies = [
 "ff",
 "group",
]

[[package]]
name = "prost"
version = "0.12.1"
source = "registry+https://github.com/rust-lang/crates.io-index"
checksum = "53d33f81e3335f68a25c13f6424b94df82173111b15c7de04d9c735d4d3d21c3"
dependencies = [
 "bytes",
 "prost-build",
 "prost-derive",
 "prost-types",
]

[[package]]
name = "rand_core"
version = "0.6.4"
source = "registry+https://github.com/rust-lang/crates.io-index"
checksum = "ec0be47b5aa3a63dfa09c3177246be7538a299545938749133a6919a3b6059be"
dependencies = [
 "getrandom",
]

[[package]]
name = "rocksdb"
version = "0.21.0"
source = "registry+https://github.com/rust-lang/crates.io-index"
checksum = "acb37341416e914040f75727c6999a19c500589a1c8f497046e7e7804473347c"
dependencies = [
 "libc",
 "librocksdb-sys",
]

[[package]]
name = "serde"
version = "1.0.193"
source = "registry+https://github.com/rust-lang/crates.io-index"
checksum = "0732412b18976b054a322c34954ead5f4e157c1543761332856f610330538a7e"
dependencies = [
 "serde_derive",
]

[[package]]
name = "sha2"
version = "0.10.8"
source = "registry+https://github.com/rust-lang/crates.io-index"
checksum = "954a01a84236a51d9f82631525a74e7987258332b536853f684482b644265f29"
dependencies = [
 "cfg-if",
 "cpufeatures",
]

[[package]]
name = "sqlx"
version = "0.7.3"
source = "registry+https://github.com/rust-lang/crates.io-index"
checksum = "1c6edb3353594244c3453b1b689a91a971203ca855ac40087798c8c5a2a09569"
dependencies = [
 "either",
 "futures-core",
 "futures-util",
 "sqlx-core",
 "sqlx-macros",
]

[[package]]
name = "tokio"
version = "1.34.0"
source = "registry+https://github.com/rust-lang/crates.io-index"
checksum = "c1f727c951918b9cda4f64d008985f4005b8a0753051786522c0692a472c1995"
dependencies = [
 "bytes",
 "libc",
 "log",
 "mio",
 "num_cpus",
 "pin-project-lite",
 "socket2",
 "sync_wrapper",
]

[[package]]
name = "tonic"
version = "0.10.2"
source = "registry+https://github.com/rust-lang/crates.io-index"
checksum = "9b646c3b624f1136b8564a97491d8487b3b451515f47053e1987ea47c0b05b95"
dependencies = [
 "bytes",
 "futures-core",
 "futures-util",
 "h2",
 "http",
 "http-body",
 "hyper",
 "pin-project",
 "prost",
 "tokio",
 "tonic-build",
 "tower",
 "tracing",
]

[[package]]
name = "x25519-dalek"
version = "2.0.0"
source = "registry+https://github.com/rust-lang/crates.io-index"
checksum = "b43336a188846175e5330335e954541571d87d995c256a8e639a04a8a0429711"
dependencies = [
 "curve25519-dalek-ng",
 "rand_core",
 "serde",
 "zeroize",
]

# ... and many, many more transitive dependencies would be listed here ...
# This is a simplified representation of a complex lock file.

[metadata]
"checksums" = {
 # Checksums for all dependencies...
}
"workspace-members" = []
"requires-extra-build-step" = false
"extra-build-step-dependencies" = []