# This file is automatically @generated by Cargo.
# It is not intended for manual editing.
version = 3

[[package]]
name = "aho-corasick"
version = "1.1.2"
source = "registry+https://github.com/rust-lang/crates.io-index"
checksum = "1d6c697855018a33501712c96c5652613c548a7350711693fe54a613f3801df1"
dependencies = [
 "memchr",
]

[[package]]
name = "console_log"
version = "1.0.0"
source = "registry+https://github.com/rust-lang/crates.io-index"
checksum = "f356a65575c5806b6f4e13da4a3d46f66347f2526c8413f418579af97b10505a"
dependencies = [
 "log",
 "wasm-bindgen",
 "web-sys",
]

[[package]]
name = "js-sys"
version = "0.3.64"
source = "registry+https://github.com/rust-lang/crates.io-index"
checksum = "0f135b5a200a897244552431b95f2693e829399238e8334a415a7df4d2b270ac"
dependencies = [
 "wasm-bindgen",
]

[[package]]
name = "log"
version = "0.4.20"
source = "registry+https://github.com/rust-lang/crates.io-index"
checksum = "b5e6163cb8c49088c2c36f57875e5b7f5195a4544d3f447e812c1a4e5823b184"
dependencies = [
 "cfg-if",
]

[[package]]
name = "memchr"
version = "2.6.4"
source = "registry+https://github.com/rust-lang/crates.io-index"
checksum = "10931542e979e26b803f29553a158b093108c9027810f4438b80e4612981b23a"

[[package]]
name = "ndarray"
version = "0.15.6"
source = "registry+https://github.com/rust-lang/crates.io-index"
checksum = "2e60d0eda68a60424a733737b98d0097f4f6d418e2e9a2632b0f3b7937311181"
dependencies = [
 "num-complex",
 "num-integer",
 "num-traits",
 "rawpointer",
 "serde",
]

[[package]]
name = "nohash-hasher"
version = "0.2.0"
source = "registry+https://github.com/rust-lang/crates.io-index"
checksum = "62f4c6434b5c7e0962b78d2b9380ac737c3461c33c32e185f2d7e1e699be2a68"

[[package]]
name = "num-complex"
version = "0.4.4"
source = "registry+https://github.com/rust-lang/crates.io-index"
checksum = "b46f5619379654d3d2c88597402636a1005f34426217436bd3273f32483582f3"
dependencies = [
 "num-traits",
]

[[package]]
name = "num-integer"
version = "0.1.45"
source = "registry+https://github.com/rust-lang/crates.io-index"
checksum = "225d3389fb3509a24c93f5c290b2323f03a5867497d34b4b3c1d530c3541b590"
dependencies = [
 "num-traits",
]

[[package]]
name = "num-traits"
version = "0.2.17"
source = "registry+https://github.com/rust-lang/crates.io-index"
checksum = "96d91047e17515132210d18385627255152a1c0bb2785539755106a20d4323c3"

[[package]]
name = "rawpointer"
version = "0.3.0"
source = "registry+https://github.com/rust-lang/crates.io-index"
checksum = "91a876421453e34b2f56b3a0f770451f284b12630018086058d4a961605c1979"

[[package]]
name = "regex"
version = "1.10.2"
source = "registry+https://github.com/rust-lang/crates.io-index"
checksum = "f2f3d60613d29033e0d8f375f4640d21e8e252876615b3e218201a09071c1815"
dependencies = [
 "aho-corasick",
 "memchr",
 "regex-automata",
 "regex-syntax",
]

[[package]]
name = "regex-automata"
version = "0.4.3"
source = "registry+https://github.com/rust-lang/crates.io-index"
checksum = "51a3f3a8b6a386a603947478d10123c14d9b4b0716b50937a0b368731d10e82c"
dependencies = [
 "aho-corasick",
 "memchr",
 "regex-syntax",
]

[[package]]
name = "regex-syntax"
version = "0.8.2"
source = "registry+https://github.com/rust-lang/crates.io-index"
checksum = "a715f4039233e085885c2c77f023e936d50247659551cbf1f887e148e64c8a2b"

[[package]]
name = "serde"
version = "1.0.193"
source = "registry+https://github.com/rust-lang/crates.io-index"
checksum = "0732412b18976b054a322c34954ead5f4e157c1543761332856f610330538a7e"
dependencies = [
 "serde_derive",
]

[[package]]
name = "serde_derive"
version = "1.0.193"
source = "registry+https://github.com/rust-lang/crates.io-index"
checksum = "10c73a484a32338b72448372d6f76c5f788523c914c6e1180c441b80c3c8bab7"
dependencies = [
 "proc-macro2",
 "quote",
 "syn",
]

[[package]]
name = "serde-wasm-bindgen"
version = "0.6.0"
source = "registry+https://github.com/rust-lang/crates.io-index"
checksum = "399e5229606d09618b76df4714d23282297151b539c3619a86b7264872957b4f"
dependencies = [
 "js-sys",
 "serde",
 "wasm-bindgen",
]

[[package]]
name = "smallvec"
version = "1.11.2"
source = "registry+https://github.com/rust-lang/crates.io-index"
checksum = "3c5e1a33a5c9d7146522533367623d30b65f4c4a30559a224f114674a2b66236"

[[package]]
name = "thiserror"
version = "1.0.50"
source = "registry+https://github.com/rust-lang/crates.io-index"
checksum = "f2003c4c82c2a033c5e8c1b37b0d703b41d01f11e3b2e351f08e434f4aba851f"
dependencies = [
 "thiserror-impl",
]

[[package]]
name = "thiserror-impl"
version = "1.0.50"
source = "registry+https://github.com/rust-lang/crates.io-index"
checksum = "b328a6f9a033c066e4b43aa9f7a77d566378e9063717208d132abe394e1d5162"
dependencies = [
 "proc-macro2",
 "quote",
 "syn",
]

[[package]]
name = "wasm-bindgen"
version = "0.2.87"
source = "registry+https://github.com/rust-lang/crates.io-index"
checksum = "1eca429fa2a15321319c727d2b21c450e18146a815093557e937d7a18e0a84d4"
dependencies = [
 "wasm-bindgen-backend",
 "wasm-bindgen-macro",
 "web-sys",
]

[[package]]
name = "wasm-bindgen-backend"
version = "0.2.87"
source = "registry+https://github.com/rust-lang/crates.io-index"
checksum = "187a229d49495146c8793b80b2a8d3885f8174418659d81373516b3f6f1c24e1"
dependencies = [
 "wasm-bindgen-shared",
]

[[package]]
name = "wasm-bindgen-console-logger"
version = "0.1.0"
source = "registry+https://github.com/rust-lang/crates.io-index"
checksum = "3545b736b4931a7c06110f089849206b0253457a412808c1055725d2c6762391"
dependencies = [
 "log",
 "web-sys",
]

[[package]]
name = "wasm-bindgen-macro"
version = "0.2.87"
source = "registry+https://github.com/rust-lang/crates.io-index"
checksum = "f4c21f24a27546a36c1e54b63e9e7b233a1e2f694e9fc8ae5335e39660341775"
dependencies = [
 "proc-macro2",
 "quote",
 "syn",
 "wasm-bindgen-macro-support",
]

[[package]]
name = "wasm-bindgen-macro-support"
version = "0.2.87"
source = "registry+https://github.com/rust-lang/crates.io-index"
checksum = "afb6f6424564c7814cb2075727976e18f291079d34e6e6659f42774ac0576352"
dependencies = [
 "proc-macro2",
 "quote",
 "syn",
]

[[package]]
name = "wasm-bindgen-shared"
version = "0.2.87"
source = "registry+https://github.com/rust-lang/crates.io-index"
checksum = "998246a7741d40232497d9111e1586a11e860959086161476f57075841029c97"

[[package]]
name = "web-sys"
version = "0.3.64"
source = "registry+https://github.com/rust-lang/crates.io-index"
checksum = "7f70dd357984f1816f1c255743b1ad252994436573c1d9b32f22d057766a5996"
dependencies = [
 "js-sys",
 "wasm-bindgen",
]

# ... and more transitive dependencies ...

[metadata]
"checksums" = {
 # ...
}
"workspace-members" = []
"requires-extra-build-step" = false
"extra-build-step-dependencies" = []